
Microsoft Visual Studio Solution File, Format Version 12.00
# Visual Studio Version 17
VisualStudioVersion = 17.5.2.0
MinimumVisualStudioVersion = 10.0.40219.1
Project("{2150E333-8FDC-42A3-9474-1A3956D46DE8}") = "src", "src", "{9C617BE7-3B8B-4DFD-9E62-A0B1E9009ED2}"
EndProject
Project("{2150E333-8FDC-42A3-9474-1A3956D46DE8}") = "tests", "tests", "{F74BFB77-9F20-4E4C-A233-0BF44A810DFE}"
EndProject
Project("{FAE04EC0-301F-11D3-BF4B-00C04F79EFBC}") = "Benchmarks", "tests\Benchmarks\Benchmarks.csproj", "{4286A09F-BC05-441E-9C1D-EB8BF5B661F1}"
EndProject
Project("{FAE04EC0-301F-11D3-BF4B-00C04F79EFBC}") = "Components", "tests\Components\Components.csproj", "{84012659-829D-45BB-ACF5-3A66A1FE39B6}"
EndProject
Project("{FAE04EC0-301F-11D3-BF4B-00C04F79EFBC}") = "Unit", "tests\Unit\Unit.csproj", "{5D67456E-D4F6-4079-9E59-BDC6FE8F3F0E}"
EndProject
Project("{FAE04EC0-301F-11D3-BF4B-00C04F79EFBC}") = "SharpCast.Ui", "src\SharpCast.Ui\SharpCast.Ui.csproj", "{277466EC-FAE5-4ABD-BDD5-A50578BF599E}"
EndProject
Project("{FAE04EC0-301F-11D3-BF4B-00C04F79EFBC}") = "SharpCast.ModelConverter", "src\SharpCast.ModelConverter\SharpCast.ModelConverter.csproj", "{140261CE-A9D0-432A-9F14-96C062A315C9}"
EndProject
Global
	GlobalSection(SolutionConfigurationPlatforms) = preSolution
		Debug|Any CPU = Debug|Any CPU
		Debug|x64 = Debug|x64
		Debug|x86 = Debug|x86
		Release|Any CPU = Release|Any CPU
		Release|x64 = Release|x64
		Release|x86 = Release|x86
	EndGlobalSection
	GlobalSection(ProjectConfigurationPlatforms) = postSolution
		{4286A09F-BC05-441E-9C1D-EB8BF5B661F1}.Debug|Any CPU.ActiveCfg = Debug|Any CPU
		{4286A09F-BC05-441E-9C1D-EB8BF5B661F1}.Debug|Any CPU.Build.0 = Debug|Any CPU
		{4286A09F-BC05-441E-9C1D-EB8BF5B661F1}.Debug|x64.ActiveCfg = Debug|Any CPU
		{4286A09F-BC05-441E-9C1D-EB8BF5B661F1}.Debug|x64.Build.0 = Debug|Any CPU
		{4286A09F-BC05-441E-9C1D-EB8BF5B661F1}.Debug|x86.ActiveCfg = Debug|Any CPU
		{4286A09F-BC05-441E-9C1D-EB8BF5B661F1}.Debug|x86.Build.0 = Debug|Any CPU
		{4286A09F-BC05-441E-9C1D-EB8BF5B661F1}.Release|Any CPU.ActiveCfg = Release|Any CPU
		{4286A09F-BC05-441E-9C1D-EB8BF5B661F1}.Release|Any CPU.Build.0 = Release|Any CPU
		{4286A09F-BC05-441E-9C1D-EB8BF5B661F1}.Release|x64.ActiveCfg = Release|Any CPU
		{4286A09F-BC05-441E-9C1D-EB8BF5B661F1}.Release|x64.Build.0 = Release|Any CPU
		{4286A09F-BC05-441E-9C1D-EB8BF5B661F1}.Release|x86.ActiveCfg = Release|Any CPU
		{4286A09F-BC05-441E-9C1D-EB8BF5B661F1}.Release|x86.Build.0 = Release|Any CPU
		{84012659-829D-45BB-ACF5-3A66A1FE39B6}.Debug|Any CPU.ActiveCfg = Debug|Any CPU
		{84012659-829D-45BB-ACF5-3A66A1FE39B6}.Debug|Any CPU.Build.0 = Debug|Any CPU
		{84012659-829D-45BB-ACF5-3A66A1FE39B6}.Debug|x64.ActiveCfg = Debug|Any CPU
		{84012659-829D-45BB-ACF5-3A66A1FE39B6}.Debug|x64.Build.0 = Debug|Any CPU
		{84012659-829D-45BB-ACF5-3A66A1FE39B6}.Debug|x86.ActiveCfg = Debug|Any CPU
		{84012659-829D-45BB-ACF5-3A66A1FE39B6}.Debug|x86.Build.0 = Debug|Any CPU
		{84012659-829D-45BB-ACF5-3A66A1FE39B6}.Release|Any CPU.ActiveCfg = Release|Any CPU
		{84012659-829D-45BB-ACF5-3A66A1FE39B6}.Release|Any CPU.Build.0 = Release|Any CPU
		{84012659-829D-45BB-ACF5-3A66A1FE39B6}.Release|x64.ActiveCfg = Release|Any CPU
		{84012659-829D-45BB-ACF5-3A66A1FE39B6}.Release|x64.Build.0 = Release|Any CPU
		{84012659-829D-45BB-ACF5-3A66A1FE39B6}.Release|x86.ActiveCfg = Release|Any CPU
		{84012659-829D-45BB-ACF5-3A66A1FE39B6}.Release|x86.Build.0 = Release|Any CPU
		{5D67456E-D4F6-4079-9E59-BDC6FE8F3F0E}.Debug|Any CPU.ActiveCfg = Debug|Any CPU
		{5D67456E-D4F6-4079-9E59-BDC6FE8F3F0E}.Debug|Any CPU.Build.0 = Debug|Any CPU
		{5D67456E-D4F6-4079-9E59-BDC6FE8F3F0E}.Debug|x64.ActiveCfg = Debug|Any CPU
		{5D67456E-D4F6-4079-9E59-BDC6FE8F3F0E}.Debug|x64.Build.0 = Debug|Any CPU
		{5D67456E-D4F6-4079-9E59-BDC6FE8F3F0E}.Debug|x86.ActiveCfg = Debug|Any CPU
		{5D67456E-D4F6-4079-9E59-BDC6FE8F3F0E}.Debug|x86.Build.0 = Debug|Any CPU
		{5D67456E-D4F6-4079-9E59-BDC6FE8F3F0E}.Release|Any CPU.ActiveCfg = Release|Any CPU
		{5D67456E-D4F6-4079-9E59-BDC6FE8F3F0E}.Release|Any CPU.Build.0 = Release|Any CPU
		{5D67456E-D4F6-4079-9E59-BDC6FE8F3F0E}.Release|x64.ActiveCfg = Release|Any CPU
		{5D67456E-D4F6-4079-9E59-BDC6FE8F3F0E}.Release|x64.Build.0 = Release|Any CPU
		{5D67456E-D4F6-4079-9E59-BDC6FE8F3F0E}.Release|x86.ActiveCfg = Release|Any CPU
		{5D67456E-D4F6-4079-9E59-BDC6FE8F3F0E}.Release|x86.Build.0 = Release|Any CPU
		{277466EC-FAE5-4ABD-BDD5-A50578BF599E}.Debug|Any CPU.ActiveCfg = Debug|Any CPU
		{277466EC-FAE5-4ABD-BDD5-A50578BF599E}.Debug|Any CPU.Build.0 = Debug|Any CPU
		{277466EC-FAE5-4ABD-BDD5-A50578BF599E}.Debug|x64.ActiveCfg = Debug|Any CPU
		{277466EC-FAE5-4ABD-BDD5-A50578BF599E}.Debug|x64.Build.0 = Debug|Any CPU
		{277466EC-FAE5-4ABD-BDD5-A50578BF599E}.Debug|x86.ActiveCfg = Debug|Any CPU
		{277466EC-FAE5-4ABD-BDD5-A50578BF599E}.Debug|x86.Build.0 = Debug|Any CPU
		{277466EC-FAE5-4ABD-BDD5-A50578BF599E}.Release|Any CPU.ActiveCfg = Release|Any CPU
		{277466EC-FAE5-4ABD-BDD5-A50578BF599E}.Release|Any CPU.Build.0 = Release|Any CPU
		{277466EC-FAE5-4ABD-BDD5-A50578BF599E}.Release|x64.ActiveCfg = Release|Any CPU
		{277466EC-FAE5-4ABD-BDD5-A50578BF599E}.Release|x64.Build.0 = Release|Any CPU
		{277466EC-FAE5-4ABD-BDD5-A50578BF599E}.Release|x86.ActiveCfg = Release|Any CPU
		{277466EC-FAE5-4ABD-BDD5-A50578BF599E}.Release|x86.Build.0 = Release|Any CPU
		{140261CE-A9D0-432A-9F14-96C062A315C9}.Debug|Any CPU.ActiveCfg = Debug|Any CPU
		{140261CE-A9D0-432A-9F14-96C062A315C9}.Debug|Any CPU.Build.0 = Debug|Any CPU
		{140261CE-A9D0-432A-9F14-96C062A315C9}.Debug|x64.ActiveCfg = Debug|Any CPU
		{140261CE-A9D0-432A-9F14-96C062A315C9}.Debug|x64.Build.0 = Debug|Any CPU
		{140261CE-A9D0-432A-9F14-96C062A315C9}.Debug|x86.ActiveCfg = Debug|Any CPU
		{140261CE-A9D0-432A-9F14-96C062A315C9}.Debug|x86.Build.0 = Debug|Any CPU
		{140261CE-A9D0-432A-9F14-96C062A315C9}.Release|Any CPU.ActiveCfg = Release|Any CPU
		{140261CE-A9D0-432A-9F14-96C062A315C9}.Release|Any CPU.Build.0 = Release|Any CPU
		{140261CE-A9D0-432A-9F14-96C062A315C9}.Release|x64.ActiveCfg = Release|Any CPU
		{140261CE-A9D0-432A-9F14-96C062A315C9}.Release|x64.Build.0 = Release|Any CPU
		{140261CE-A9D0-432A-9F14-96C062A315C9}.Release|x86.ActiveCfg = Release|Any CPU
		{140261CE-A9D0-432A-9F14-96C062A315C9}.Release|x86.Build.0 = Release|Any CPU
	EndGlobalSection
	GlobalSection(SolutionProperties) = preSolution
		HideSolutionNode = FALSE
	EndGlobalSection
	GlobalSection(NestedProjects) = preSolution
		{4286A09F-BC05-441E-9C1D-EB8BF5B661F1} = {F74BFB77-9F20-4E4C-A233-0BF44A810DFE}
		{84012659-829D-45BB-ACF5-3A66A1FE39B6} = {F74BFB77-9F20-4E4C-A233-0BF44A810DFE}
		{5D67456E-D4F6-4079-9E59-BDC6FE8F3F0E} = {F74BFB77-9F20-4E4C-A233-0BF44A810DFE}
		{277466EC-FAE5-4ABD-BDD5-A50578BF599E} = {9C617BE7-3B8B-4DFD-9E62-A0B1E9009ED2}
		{140261CE-A9D0-432A-9F14-96C062A315C9} = {9C617BE7-3B8B-4DFD-9E62-A0B1E9009ED2}
	EndGlobalSection
	GlobalSection(ExtensibilityGlobals) = postSolution
		SolutionGuid = {54017EB2-CF5F-4C03-85FD-661025D4C30A}
	EndGlobalSection
EndGlobal
